
Microsoft Visual Studio Solution File, Format Version 12.00
# Visual Studio Version 17
VisualStudioVersion = 17.6.33815.320
MinimumVisualStudioVersion = 10.0.40219.1
Project("{9A19103F-16F7-4668-BE54-9A1E7A4F7556}") = "WeightliftingTrackerGraphQLAPI", "WeightliftingTrackerGraphQLAPI\WeightliftingTrackerGraphQLAPI.csproj", "{7F69705E-619D-4560-91AB-8EFD8BC513EE}"
EndProject
Project("{9A19103F-16F7-4668-BE54-9A1E7A4F7556}") = "WeightliftingTrackerGraphQLAPI.Data", "WeightliftingTrackerGraphQLAPI.Data\WeightliftingTrackerGraphQLAPI.Data.csproj", "{6C462444-E652-4A9D-AAEA-A5702F2B915F}"
EndProject
Project("{9A19103F-16F7-4668-BE54-9A1E7A4F7556}") = "WeightliftingTrackerGraphQLAPI.Tests", "WeightliftingTrackerGraphQLAPI.Tests\WeightliftingTrackerGraphQLAPI.Tests.csproj", "{B1B56704-196B-4F9E-B15E-2C677AA2078A}"
EndProject
Project("{FAE04EC0-301F-11D3-BF4B-00C04F79EFBC}") = "SecretKeyGenerator", "SecretKeyGenerator\SecretKeyGenerator.csproj", "{51E04B15-624D-4804-8F83-A67360DC61B5}"
EndProject
Global
	GlobalSection(SolutionConfigurationPlatforms) = preSolution
		Debug|Any CPU = Debug|Any CPU
		Release|Any CPU = Release|Any CPU
	EndGlobalSection
	GlobalSection(ProjectConfigurationPlatforms) = postSolution
		{7F69705E-619D-4560-91AB-8EFD8BC513EE}.Debug|Any CPU.ActiveCfg = Debug|Any CPU
		{7F69705E-619D-4560-91AB-8EFD8BC513EE}.Debug|Any CPU.Build.0 = Debug|Any CPU
		{7F69705E-619D-4560-91AB-8EFD8BC513EE}.Release|Any CPU.ActiveCfg = Release|Any CPU
		{7F69705E-619D-4560-91AB-8EFD8BC513EE}.Release|Any CPU.Build.0 = Release|Any CPU
		{6C462444-E652-4A9D-AAEA-A5702F2B915F}.Debug|Any CPU.ActiveCfg = Debug|Any CPU
		{6C462444-E652-4A9D-AAEA-A5702F2B915F}.Debug|Any CPU.Build.0 = Debug|Any CPU
		{6C462444-E652-4A9D-AAEA-A5702F2B915F}.Release|Any CPU.ActiveCfg = Release|Any CPU
		{6C462444-E652-4A9D-AAEA-A5702F2B915F}.Release|Any CPU.Build.0 = Release|Any CPU
		{B1B56704-196B-4F9E-B15E-2C677AA2078A}.Debug|Any CPU.ActiveCfg = Debug|Any CPU
		{B1B56704-196B-4F9E-B15E-2C677AA2078A}.Debug|Any CPU.Build.0 = Debug|Any CPU
		{B1B56704-196B-4F9E-B15E-2C677AA2078A}.Release|Any CPU.ActiveCfg = Release|Any CPU
		{B1B56704-196B-4F9E-B15E-2C677AA2078A}.Release|Any CPU.Build.0 = Release|Any CPU
		{51E04B15-624D-4804-8F83-A67360DC61B5}.Debug|Any CPU.ActiveCfg = Debug|Any CPU
		{51E04B15-624D-4804-8F83-A67360DC61B5}.Debug|Any CPU.Build.0 = Debug|Any CPU
		{51E04B15-624D-4804-8F83-A67360DC61B5}.Release|Any CPU.ActiveCfg = Release|Any CPU
		{51E04B15-624D-4804-8F83-A67360DC61B5}.Release|Any CPU.Build.0 = Release|Any CPU
	EndGlobalSection
	GlobalSection(SolutionProperties) = preSolution
		HideSolutionNode = FALSE
	EndGlobalSection
	GlobalSection(ExtensibilityGlobals) = postSolution
		SolutionGuid = {031DD945-ABF1-40B1-A414-5203E82C6E25}
	EndGlobalSection
EndGlobal
